
Microsoft Visual Studio Solution File, Format Version 12.00
# Visual Studio Version 16
VisualStudioVersion = 16.0.31911.196
MinimumVisualStudioVersion = 10.0.40219.1
Project("{FAE04EC0-301F-11D3-BF4B-00C04F79EFBC}") = "sda-csharp-exercises", "sda-csharp-exercises.csproj", "{4C9138EF-74B6-4E26-85A7-3F386A7FFAB9}"
EndProject
Global
	GlobalSection(SolutionConfigurationPlatforms) = preSolution
		Debug|Any CPU = Debug|Any CPU
		Release|Any CPU = Release|Any CPU
	EndGlobalSection
	GlobalSection(ProjectConfigurationPlatforms) = postSolution
		{4C9138EF-74B6-4E26-85A7-3F386A7FFAB9}.Debug|Any CPU.ActiveCfg = Debug|Any CPU
		{4C9138EF-74B6-4E26-85A7-3F386A7FFAB9}.Debug|Any CPU.Build.0 = Debug|Any CPU
		{4C9138EF-74B6-4E26-85A7-3F386A7FFAB9}.Release|Any CPU.ActiveCfg = Release|Any CPU
		{4C9138EF-74B6-4E26-85A7-3F386A7FFAB9}.Release|Any CPU.Build.0 = Release|Any CPU
	EndGlobalSection
	GlobalSection(SolutionProperties) = preSolution
		HideSolutionNode = FALSE
	EndGlobalSection
	GlobalSection(ExtensibilityGlobals) = postSolution
		SolutionGuid = {08BBD9D0-F6B0-41CB-99AA-129FE7C2E5A0}
	EndGlobalSection
EndGlobal
